
Microsoft Visual Studio Solution File, Format Version 12.00
# Visual Studio Version 17
VisualStudioVersion = 17.10.35013.160
MinimumVisualStudioVersion = 10.0.40219.1
Project("{FAE04EC0-301F-11D3-BF4B-00C04F79EFBC}") = "APIEletrica", "APIEletrica\APIEletrica.csproj", "{B0BFC14F-AA45-4C3F-BC55-C527DF542DDC}"
EndProject
Global
	GlobalSection(SolutionConfigurationPlatforms) = preSolution
		Debug|Any CPU = Debug|Any CPU
		Release|Any CPU = Release|Any CPU
	EndGlobalSection
	GlobalSection(ProjectConfigurationPlatforms) = postSolution
		{B0BFC14F-AA45-4C3F-BC55-C527DF542DDC}.Debug|Any CPU.ActiveCfg = Debug|Any CPU
		{B0BFC14F-AA45-4C3F-BC55-C527DF542DDC}.Debug|Any CPU.Build.0 = Debug|Any CPU
		{B0BFC14F-AA45-4C3F-BC55-C527DF542DDC}.Release|Any CPU.ActiveCfg = Release|Any CPU
		{B0BFC14F-AA45-4C3F-BC55-C527DF542DDC}.Release|Any CPU.Build.0 = Release|Any CPU
	EndGlobalSection
	GlobalSection(SolutionProperties) = preSolution
		HideSolutionNode = FALSE
	EndGlobalSection
	GlobalSection(ExtensibilityGlobals) = postSolution
		SolutionGuid = {6A509979-92F7-4FA3-8B3D-5B7B756E8993}
	EndGlobalSection
EndGlobal
